
Microsoft Visual Studio Solution File, Format Version 12.00
# Visual Studio Version 16
VisualStudioVersion = 16.6.30114.105
MinimumVisualStudioVersion = 10.0.40219.1
Project("{9A19103F-16F7-4668-BE54-9A1E7A4F7556}") = "Dominio", "Dominio\Dominio.csproj", "{BB34ABD8-C255-4B3A-8B8D-9290B0E4F429}"
EndProject
Project("{9A19103F-16F7-4668-BE54-9A1E7A4F7556}") = "Infra", "Infra\Infra.csproj", "{D3BEFB68-DC28-4A77-B04A-5648D3FA2731}"
EndProject
Project("{9A19103F-16F7-4668-BE54-9A1E7A4F7556}") = "Util", "Util\Util.csproj", "{8EC1C84D-739B-4905-AE30-34C53E111A04}"
EndProject
Project("{9A19103F-16F7-4668-BE54-9A1E7A4F7556}") = "API.Usuario", "API.Exemplo\API.Usuario.csproj", "{DBDCEF63-8E8E-40E9-B8CD-E991247DD65F}"
EndProject
Project("{FAE04EC0-301F-11D3-BF4B-00C04F79EFBC}") = "API.Endereco", "API.Endereco\API.Endereco.csproj", "{0EB30000-ED23-4DF5-B803-922F4D975B16}"
EndProject
Project("{FAE04EC0-301F-11D3-BF4B-00C04F79EFBC}") = "API.Autenticacao", "API.Autenticacao\API.Autenticacao.csproj", "{27F7A4E6-3D28-4E45-88AB-A74AAC2B1462}"
EndProject
Global
	GlobalSection(SolutionConfigurationPlatforms) = preSolution
		Debug|Any CPU = Debug|Any CPU
		Debug|x64 = Debug|x64
		Debug|x86 = Debug|x86
		Release|Any CPU = Release|Any CPU
		Release|x64 = Release|x64
		Release|x86 = Release|x86
	EndGlobalSection
	GlobalSection(ProjectConfigurationPlatforms) = postSolution
		{BB34ABD8-C255-4B3A-8B8D-9290B0E4F429}.Debug|Any CPU.ActiveCfg = Debug|Any CPU
		{BB34ABD8-C255-4B3A-8B8D-9290B0E4F429}.Debug|Any CPU.Build.0 = Debug|Any CPU
		{BB34ABD8-C255-4B3A-8B8D-9290B0E4F429}.Debug|x64.ActiveCfg = Debug|Any CPU
		{BB34ABD8-C255-4B3A-8B8D-9290B0E4F429}.Debug|x64.Build.0 = Debug|Any CPU
		{BB34ABD8-C255-4B3A-8B8D-9290B0E4F429}.Debug|x86.ActiveCfg = Debug|Any CPU
		{BB34ABD8-C255-4B3A-8B8D-9290B0E4F429}.Debug|x86.Build.0 = Debug|Any CPU
		{BB34ABD8-C255-4B3A-8B8D-9290B0E4F429}.Release|Any CPU.ActiveCfg = Release|Any CPU
		{BB34ABD8-C255-4B3A-8B8D-9290B0E4F429}.Release|Any CPU.Build.0 = Release|Any CPU
		{BB34ABD8-C255-4B3A-8B8D-9290B0E4F429}.Release|x64.ActiveCfg = Release|Any CPU
		{BB34ABD8-C255-4B3A-8B8D-9290B0E4F429}.Release|x64.Build.0 = Release|Any CPU
		{BB34ABD8-C255-4B3A-8B8D-9290B0E4F429}.Release|x86.ActiveCfg = Release|Any CPU
		{BB34ABD8-C255-4B3A-8B8D-9290B0E4F429}.Release|x86.Build.0 = Release|Any CPU
		{D3BEFB68-DC28-4A77-B04A-5648D3FA2731}.Debug|Any CPU.ActiveCfg = Debug|Any CPU
		{D3BEFB68-DC28-4A77-B04A-5648D3FA2731}.Debug|Any CPU.Build.0 = Debug|Any CPU
		{D3BEFB68-DC28-4A77-B04A-5648D3FA2731}.Debug|x64.ActiveCfg = Debug|Any CPU
		{D3BEFB68-DC28-4A77-B04A-5648D3FA2731}.Debug|x64.Build.0 = Debug|Any CPU
		{D3BEFB68-DC28-4A77-B04A-5648D3FA2731}.Debug|x86.ActiveCfg = Debug|Any CPU
		{D3BEFB68-DC28-4A77-B04A-5648D3FA2731}.Debug|x86.Build.0 = Debug|Any CPU
		{D3BEFB68-DC28-4A77-B04A-5648D3FA2731}.Release|Any CPU.ActiveCfg = Release|Any CPU
		{D3BEFB68-DC28-4A77-B04A-5648D3FA2731}.Release|Any CPU.Build.0 = Release|Any CPU
		{D3BEFB68-DC28-4A77-B04A-5648D3FA2731}.Release|x64.ActiveCfg = Release|Any CPU
		{D3BEFB68-DC28-4A77-B04A-5648D3FA2731}.Release|x64.Build.0 = Release|Any CPU
		{D3BEFB68-DC28-4A77-B04A-5648D3FA2731}.Release|x86.ActiveCfg = Release|Any CPU
		{D3BEFB68-DC28-4A77-B04A-5648D3FA2731}.Release|x86.Build.0 = Release|Any CPU
		{8EC1C84D-739B-4905-AE30-34C53E111A04}.Debug|Any CPU.ActiveCfg = Debug|Any CPU
		{8EC1C84D-739B-4905-AE30-34C53E111A04}.Debug|Any CPU.Build.0 = Debug|Any CPU
		{8EC1C84D-739B-4905-AE30-34C53E111A04}.Debug|x64.ActiveCfg = Debug|Any CPU
		{8EC1C84D-739B-4905-AE30-34C53E111A04}.Debug|x64.Build.0 = Debug|Any CPU
		{8EC1C84D-739B-4905-AE30-34C53E111A04}.Debug|x86.ActiveCfg = Debug|Any CPU
		{8EC1C84D-739B-4905-AE30-34C53E111A04}.Debug|x86.Build.0 = Debug|Any CPU
		{8EC1C84D-739B-4905-AE30-34C53E111A04}.Release|Any CPU.ActiveCfg = Release|Any CPU
		{8EC1C84D-739B-4905-AE30-34C53E111A04}.Release|Any CPU.Build.0 = Release|Any CPU
		{8EC1C84D-739B-4905-AE30-34C53E111A04}.Release|x64.ActiveCfg = Release|Any CPU
		{8EC1C84D-739B-4905-AE30-34C53E111A04}.Release|x64.Build.0 = Release|Any CPU
		{8EC1C84D-739B-4905-AE30-34C53E111A04}.Release|x86.ActiveCfg = Release|Any CPU
		{8EC1C84D-739B-4905-AE30-34C53E111A04}.Release|x86.Build.0 = Release|Any CPU
		{DBDCEF63-8E8E-40E9-B8CD-E991247DD65F}.Debug|Any CPU.ActiveCfg = Debug|Any CPU
		{DBDCEF63-8E8E-40E9-B8CD-E991247DD65F}.Debug|Any CPU.Build.0 = Debug|Any CPU
		{DBDCEF63-8E8E-40E9-B8CD-E991247DD65F}.Debug|x64.ActiveCfg = Debug|Any CPU
		{DBDCEF63-8E8E-40E9-B8CD-E991247DD65F}.Debug|x64.Build.0 = Debug|Any CPU
		{DBDCEF63-8E8E-40E9-B8CD-E991247DD65F}.Debug|x86.ActiveCfg = Debug|Any CPU
		{DBDCEF63-8E8E-40E9-B8CD-E991247DD65F}.Debug|x86.Build.0 = Debug|Any CPU
		{DBDCEF63-8E8E-40E9-B8CD-E991247DD65F}.Release|Any CPU.ActiveCfg = Release|Any CPU
		{DBDCEF63-8E8E-40E9-B8CD-E991247DD65F}.Release|Any CPU.Build.0 = Release|Any CPU
		{DBDCEF63-8E8E-40E9-B8CD-E991247DD65F}.Release|x64.ActiveCfg = Release|Any CPU
		{DBDCEF63-8E8E-40E9-B8CD-E991247DD65F}.Release|x64.Build.0 = Release|Any CPU
		{DBDCEF63-8E8E-40E9-B8CD-E991247DD65F}.Release|x86.ActiveCfg = Release|Any CPU
		{DBDCEF63-8E8E-40E9-B8CD-E991247DD65F}.Release|x86.Build.0 = Release|Any CPU
		{0EB30000-ED23-4DF5-B803-922F4D975B16}.Debug|Any CPU.ActiveCfg = Debug|Any CPU
		{0EB30000-ED23-4DF5-B803-922F4D975B16}.Debug|Any CPU.Build.0 = Debug|Any CPU
		{0EB30000-ED23-4DF5-B803-922F4D975B16}.Debug|x64.ActiveCfg = Debug|Any CPU
		{0EB30000-ED23-4DF5-B803-922F4D975B16}.Debug|x64.Build.0 = Debug|Any CPU
		{0EB30000-ED23-4DF5-B803-922F4D975B16}.Debug|x86.ActiveCfg = Debug|Any CPU
		{0EB30000-ED23-4DF5-B803-922F4D975B16}.Debug|x86.Build.0 = Debug|Any CPU
		{0EB30000-ED23-4DF5-B803-922F4D975B16}.Release|Any CPU.ActiveCfg = Release|Any CPU
		{0EB30000-ED23-4DF5-B803-922F4D975B16}.Release|Any CPU.Build.0 = Release|Any CPU
		{0EB30000-ED23-4DF5-B803-922F4D975B16}.Release|x64.ActiveCfg = Release|Any CPU
		{0EB30000-ED23-4DF5-B803-922F4D975B16}.Release|x64.Build.0 = Release|Any CPU
		{0EB30000-ED23-4DF5-B803-922F4D975B16}.Release|x86.ActiveCfg = Release|Any CPU
		{0EB30000-ED23-4DF5-B803-922F4D975B16}.Release|x86.Build.0 = Release|Any CPU
		{27F7A4E6-3D28-4E45-88AB-A74AAC2B1462}.Debug|Any CPU.ActiveCfg = Debug|Any CPU
		{27F7A4E6-3D28-4E45-88AB-A74AAC2B1462}.Debug|Any CPU.Build.0 = Debug|Any CPU
		{27F7A4E6-3D28-4E45-88AB-A74AAC2B1462}.Debug|x64.ActiveCfg = Debug|Any CPU
		{27F7A4E6-3D28-4E45-88AB-A74AAC2B1462}.Debug|x64.Build.0 = Debug|Any CPU
		{27F7A4E6-3D28-4E45-88AB-A74AAC2B1462}.Debug|x86.ActiveCfg = Debug|Any CPU
		{27F7A4E6-3D28-4E45-88AB-A74AAC2B1462}.Debug|x86.Build.0 = Debug|Any CPU
		{27F7A4E6-3D28-4E45-88AB-A74AAC2B1462}.Release|Any CPU.ActiveCfg = Release|Any CPU
		{27F7A4E6-3D28-4E45-88AB-A74AAC2B1462}.Release|Any CPU.Build.0 = Release|Any CPU
		{27F7A4E6-3D28-4E45-88AB-A74AAC2B1462}.Release|x64.ActiveCfg = Release|Any CPU
		{27F7A4E6-3D28-4E45-88AB-A74AAC2B1462}.Release|x64.Build.0 = Release|Any CPU
		{27F7A4E6-3D28-4E45-88AB-A74AAC2B1462}.Release|x86.ActiveCfg = Release|Any CPU
		{27F7A4E6-3D28-4E45-88AB-A74AAC2B1462}.Release|x86.Build.0 = Release|Any CPU
	EndGlobalSection
	GlobalSection(SolutionProperties) = preSolution
		HideSolutionNode = FALSE
	EndGlobalSection
	GlobalSection(ExtensibilityGlobals) = postSolution
		SolutionGuid = {CEC98399-B0B5-46ED-BCDE-D775278476B8}
	EndGlobalSection
EndGlobal
